# This file is automatically @generated by Poetry 1.6.1 and should not be changed by hand.

[[package]]
name = "appnope"
version = "0.1.3"
description = "Disable App Nap on macOS >= 10.9"
optional = false
python-versions = "*"
files = [
    {file = "appnope-0.1.3-py2.py3-none-any.whl", hash = "sha256:265a455292d0bd8a72453494fa24df5a11eb18373a60c7c0430889f22548605e"},
    {file = "appnope-0.1.3.tar.gz", hash = "sha256:02bd91c4de869fbb1e1c50aafc4098827a7a54ab2f39d9dcba6c9547ed920e24"},
]

[[package]]
name = "asttokens"
version = "2.4.1"
description = "Annotate AST trees with source code positions"
optional = false
python-versions = "*"
files = [
    {file = "asttokens-2.4.1-py2.py3-none-any.whl", hash = "sha256:051ed49c3dcae8913ea7cd08e46a606dba30b79993209636c4875bc1d637bc24"},
    {file = "asttokens-2.4.1.tar.gz", hash = "sha256:b03869718ba9a6eb027e134bfdf69f38a236d681c83c160d510768af11254ba0"},
]

[package.dependencies]
six = ">=1.12.0"

[package.extras]
astroid = ["astroid (>=1,<2)", "astroid (>=2,<4)"]
test = ["astroid (>=1,<2)", "astroid (>=2,<4)", "pytest"]

[[package]]
name = "click"
version = "8.1.7"
description = "Composable command line interface toolkit"
optional = false
python-versions = ">=3.7"
files = [
    {file = "click-8.1.7-py3-none-any.whl", hash = "sha256:ae74fb96c20a0277a1d615f1e4d73c8414f5a98db8b799a7931d1582f3390c28"},
    {file = "click-8.1.7.tar.gz", hash = "sha256:ca9853ad459e787e2192211578cc907e7594e294c7ccc834310722b41b9ca6de"},
]

[package.dependencies]
colorama = {version = "*", markers = "platform_system == \"Windows\""}

[[package]]
name = "colorama"
version = "0.4.6"
description = "Cross-platform colored terminal text."
optional = false
python-versions = "!=3.0.*,!=3.1.*,!=3.2.*,!=3.3.*,!=3.4.*,!=3.5.*,!=3.6.*,>=2.7"
files = [
    {file = "colorama-0.4.6-py2.py3-none-any.whl", hash = "sha256:4f1d9991f5acc0ca119f9d443620b77f9d6b33703e51011c16baf57afb285fc6"},
    {file = "colorama-0.4.6.tar.gz", hash = "sha256:08695f5cb7ed6e0531a20572697297273c47b8cae5a63ffc6d6ed5c201be6e44"},
]

[[package]]
name = "decorator"
version = "5.1.1"
description = "Decorators for Humans"
optional = false
python-versions = ">=3.5"
files = [
    {file = "decorator-5.1.1-py3-none-any.whl", hash = "sha256:b8c3f85900b9dc423225913c5aace94729fe1fa9763b38939a95226f02d37186"},
    {file = "decorator-5.1.1.tar.gz", hash = "sha256:637996211036b6385ef91435e4fae22989472f9d571faba8927ba8253acbc330"},
]

[[package]]
name = "executing"
version = "2.0.1"
description = "Get the currently executing AST node of a frame, and other information"
optional = false
python-versions = ">=3.5"
files = [
    {file = "executing-2.0.1-py2.py3-none-any.whl", hash = "sha256:eac49ca94516ccc753f9fb5ce82603156e590b27525a8bc32cce8ae302eb61bc"},
    {file = "executing-2.0.1.tar.gz", hash = "sha256:35afe2ce3affba8ee97f2d69927fa823b08b472b7b994e36a52a964b93d16147"},
]

[package.extras]
tests = ["asttokens (>=2.1.0)", "coverage", "coverage-enable-subprocess", "ipython", "littleutils", "pytest", "rich"]

[[package]]
name = "hypno"
version = "1.0.3"
description = "A tool/library allowing to inject python code into a running python process."
optional = false
python-versions = ">=3.7"
files = [
    {file = "hypno-1.0.3-cp310-cp310-macosx_11_0_x86_64.whl", hash = "sha256:c5affbbd100446e603190b4dc73b3c25e0251c7afb5fc793fcc188ff44baf5b0"},
    {file = "hypno-1.0.3-cp310-cp310-manylinux_2_5_x86_64.manylinux1_x86_64.manylinux_2_17_x86_64.manylinux2014_x86_64.whl", hash = "sha256:42ed7a0d26b4ba48a32db7ca5169580ca5250aca34a38452acbf770acc5f0bfc"},
    {file = "hypno-1.0.3-cp310-cp310-musllinux_1_2_x86_64.whl", hash = "sha256:1cdff4af1956422005c9a7bd89fb6c9c1334db2c3bc5a315dd8cb173d5426263"},
    {file = "hypno-1.0.3-cp310-cp310-win32.whl", hash = "sha256:df3e92d6d262b5f9f74d4be87f3327166ad8e6de9b4f3f0c33848b2fec96da37"},
    {file = "hypno-1.0.3-cp310-cp310-win_amd64.whl", hash = "sha256:5b656e91dec21d15a3eced50c9829f27377b15cb4bac65b99df32c05b976f135"},
    {file = "hypno-1.0.3-cp311-cp311-macosx_10_9_universal2.whl", hash = "sha256:4de309e5367327a50cb2b8e97df9315b1b3773185e7092c7eeccf42b22aa4c5e"},
    {file = "hypno-1.0.3-cp311-cp311-manylinux_2_5_x86_64.manylinux1_x86_64.manylinux_2_17_x86_64.manylinux2014_x86_64.whl", hash = "sha256:62791c11a0aa0a76a7913da509e936efc2b9a8245dd6ccee8fd0688a7dece68c"},
    {file = "hypno-1.0.3-cp311-cp311-musllinux_1_2_x86_64.whl", hash = "sha256:5b4e47c4cb234a9c7f056a72547bb1ffa203e95b43de71840c23e984d3ac01c4"},
    {file = "hypno-1.0.3-cp311-cp311-win32.whl", hash = "sha256:b1e22918256ef7069dbcb70c72c62d62c0d3030f211764abf3741e83e74da1c5"},
    {file = "hypno-1.0.3-cp311-cp311-win_amd64.whl", hash = "sha256:d122bf50a835415d1e959ec525d98a2a9a1c210a71aa0428debee0560c6b743f"},
    {file = "hypno-1.0.3-cp37-cp37m-macosx_11_0_x86_64.whl", hash = "sha256:378405b4402a0127c2a018f2a3b135292cf1d61a402f9f6fa5fedb2789ac8b76"},
    {file = "hypno-1.0.3-cp37-cp37m-manylinux_2_5_x86_64.manylinux1_x86_64.manylinux_2_17_x86_64.manylinux2014_x86_64.whl", hash = "sha256:f3923b23a05f7a4a5943938559e9d156af3aa5d3c24808b949fd2096a6039513"},
    {file = "hypno-1.0.3-cp37-cp37m-musllinux_1_2_x86_64.whl", hash = "sha256:3ecdc4062f89a2766e6822170304efca32353132476d716b529ad6b00c3336d5"},
    {file = "hypno-1.0.3-cp37-cp37m-win32.whl", hash = "sha256:4e5fa733c76cce4885b92f67804e0e6e4e1d18620128491e2a8710164933dc2b"},
    {file = "hypno-1.0.3-cp37-cp37m-win_amd64.whl", hash = "sha256:0ee5d9f758b17396492cc01233c70215da683538bd01a65bd1d109fc494a9481"},
    {file = "hypno-1.0.3-cp38-cp38-macosx_11_0_x86_64.whl", hash = "sha256:a66b193d2f1f139ca9f8e06d466c5c0411306030f1b67891d04bea4e348ae0a8"},
    {file = "hypno-1.0.3-cp38-cp38-manylinux_2_5_x86_64.manylinux1_x86_64.manylinux_2_17_x86_64.manylinux2014_x86_64.whl", hash = "sha256:b09f00c8ca2681dc68806dcf6f77dc02fa3411a45378dbb8c51685b30cf81a98"},
    {file = "hypno-1.0.3-cp38-cp38-musllinux_1_2_x86_64.whl", hash = "sha256:3bf575b9ab916e29fba7703191552f1c42fccf4b97cf563223b5da84f065e893"},
    {file = "hypno-1.0.3-cp38-cp38-win32.whl", hash = "sha256:8aa7efdf74bf860a6ff8240817e306a73b859c4fd20db9043fcf517c434be555"},
    {file = "hypno-1.0.3-cp38-cp38-win_amd64.whl", hash = "sha256:87a90b70043b8dacb3b896dcb5f7e4d1109f5b6a20215d45c51e1da5bc58b412"},
    {file = "hypno-1.0.3-cp39-cp39-macosx_11_0_x86_64.whl", hash = "sha256:12ac6351316fbfa42f187fd89ef6bcbc45a76c0051158e643725d40a09a6a339"},
    {file = "hypno-1.0.3-cp39-cp39-manylinux_2_5_x86_64.manylinux1_x86_64.manylinux_2_17_x86_64.manylinux2014_x86_64.whl", hash = "sha256:e6cd2c461438e6cffd94a1f35f23f39edd61ac423cc2d8ca166efb7b9b2c2a77"},
    {file = "hypno-1.0.3-cp39-cp39-musllinux_1_2_x86_64.whl", hash = "sha256:55ec64c95341eba6490d4b6334e2b4442277612be22ebf4c7464bea4c069d54d"},
    {file = "hypno-1.0.3-cp39-cp39-win32.whl", hash = "sha256:9b63fd38614eb1d3482ee4c713e151bb0a0dc30262655e8e2b8cb58d14dff9ec"},
    {file = "hypno-1.0.3-cp39-cp39-win_amd64.whl", hash = "sha256:7c62d415a82ff0c8f8e58e8de7b9635a0d02bc8d27d9600ed943ae9b053d4622"},
    {file = "hypno-1.0.3.tar.gz", hash = "sha256:553ec542a98c3c2675dc8f92ce63b7c5eafb65e66a6042368b7839e3d5822ef3"},
]

[package.dependencies]
pyinjector = ">=0.1.2"

[[package]]
name = "ipython"
version = "8.17.2"
description = "IPython: Productive Interactive Computing"
optional = false
python-versions = ">=3.9"
files = [
    {file = "ipython-8.17.2-py3-none-any.whl", hash = "sha256:1e4d1d666a023e3c93585ba0d8e962867f7a111af322efff6b9c58062b3e5444"},
    {file = "ipython-8.17.2.tar.gz", hash = "sha256:126bb57e1895594bb0d91ea3090bbd39384f6fe87c3d57fd558d0670f50339bb"},
]

[package.dependencies]
appnope = {version = "*", markers = "sys_platform == \"darwin\""}
colorama = {version = "*", markers = "sys_platform == \"win32\""}
decorator = "*"
jedi = ">=0.16"
matplotlib-inline = "*"
pexpect = {version = ">4.3", markers = "sys_platform != \"win32\""}
prompt-toolkit = ">=3.0.30,<3.0.37 || >3.0.37,<3.1.0"
pygments = ">=2.4.0"
stack-data = "*"
traitlets = ">=5"

[package.extras]
all = ["black", "curio", "docrepr", "exceptiongroup", "ipykernel", "ipyparallel", "ipywidgets", "matplotlib", "matplotlib (!=3.2.0)", "nbconvert", "nbformat", "notebook", "numpy (>=1.22)", "pandas", "pickleshare", "pytest (<7)", "pytest (<7.1)", "pytest-asyncio (<0.22)", "qtconsole", "setuptools (>=18.5)", "sphinx (>=1.3)", "sphinx-rtd-theme", "stack-data", "testpath", "trio", "typing-extensions"]
black = ["black"]
doc = ["docrepr", "exceptiongroup", "ipykernel", "matplotlib", "pickleshare", "pytest (<7)", "pytest (<7.1)", "pytest-asyncio (<0.22)", "setuptools (>=18.5)", "sphinx (>=1.3)", "sphinx-rtd-theme", "stack-data", "testpath", "typing-extensions"]
kernel = ["ipykernel"]
nbconvert = ["nbconvert"]
nbformat = ["nbformat"]
notebook = ["ipywidgets", "notebook"]
parallel = ["ipyparallel"]
qtconsole = ["qtconsole"]
test = ["pickleshare", "pytest (<7.1)", "pytest-asyncio (<0.22)", "testpath"]
test-extra = ["curio", "matplotlib (!=3.2.0)", "nbformat", "numpy (>=1.22)", "pandas", "pickleshare", "pytest (<7.1)", "pytest-asyncio (<0.22)", "testpath", "trio"]

[[package]]
name = "jedi"
version = "0.19.1"
description = "An autocompletion tool for Python that can be used for text editors."
optional = false
python-versions = ">=3.6"
files = [
    {file = "jedi-0.19.1-py2.py3-none-any.whl", hash = "sha256:e983c654fe5c02867aef4cdfce5a2fbb4a50adc0af145f70504238f18ef5e7e0"},
    {file = "jedi-0.19.1.tar.gz", hash = "sha256:cf0496f3651bc65d7174ac1b7d043eff454892c708a87d1b683e57b569927ffd"},
]

[package.dependencies]
parso = ">=0.8.3,<0.9.0"

[package.extras]
docs = ["Jinja2 (==2.11.3)", "MarkupSafe (==1.1.1)", "Pygments (==2.8.1)", "alabaster (==0.7.12)", "babel (==2.9.1)", "chardet (==4.0.0)", "commonmark (==0.8.1)", "docutils (==0.17.1)", "future (==0.18.2)", "idna (==2.10)", "imagesize (==1.2.0)", "mock (==1.0.1)", "packaging (==20.9)", "pyparsing (==2.4.7)", "pytz (==2021.1)", "readthedocs-sphinx-ext (==2.1.4)", "recommonmark (==0.5.0)", "requests (==2.25.1)", "six (==1.15.0)", "snowballstemmer (==2.1.0)", "sphinx (==1.8.5)", "sphinx-rtd-theme (==0.4.3)", "sphinxcontrib-serializinghtml (==1.1.4)", "sphinxcontrib-websupport (==1.2.4)", "urllib3 (==1.26.4)"]
qa = ["flake8 (==5.0.4)", "mypy (==0.971)", "types-setuptools (==67.2.0.1)"]
testing = ["Django", "attrs", "colorama", "docopt", "pytest (<7.0.0)"]

[[package]]
name = "madbg"
version = "1.3.2"
description = "A fully-featured remote debugger for python"
optional = false
python-versions = ">=3.7"
files = [
    {file = "madbg-1.3.2-py3-none-any.whl", hash = "sha256:0ed17665566daada9ec2713794e8275a79cefa1765a311fd11bb45f17b3af878"},
    {file = "madbg-1.3.2.tar.gz", hash = "sha256:3e2d9a61bf48c5892cefd4237254be76ed1e94334ee33a8ec594a90e6b52dd1c"},
]

[package.dependencies]
click = "*"
hypno = ">=0.1.3"
IPython = ">=7.17.0"
prompt-toolkit = "*"

[[package]]
name = "matplotlib-inline"
version = "0.1.6"
description = "Inline Matplotlib backend for Jupyter"
optional = false
python-versions = ">=3.5"
files = [
    {file = "matplotlib-inline-0.1.6.tar.gz", hash = "sha256:f887e5f10ba98e8d2b150ddcf4702c1e5f8b3a20005eb0f74bfdbd360ee6f304"},
    {file = "matplotlib_inline-0.1.6-py3-none-any.whl", hash = "sha256:f1f41aab5328aa5aaea9b16d083b128102f8712542f819fe7e6a420ff581b311"},
]

[package.dependencies]
traitlets = "*"

[[package]]
name = "parso"
version = "0.8.3"
description = "A Python Parser"
optional = false
python-versions = ">=3.6"
files = [
    {file = "parso-0.8.3-py2.py3-none-any.whl", hash = "sha256:c001d4636cd3aecdaf33cbb40aebb59b094be2a74c556778ef5576c175e19e75"},
    {file = "parso-0.8.3.tar.gz", hash = "sha256:8c07be290bb59f03588915921e29e8a50002acaf2cdc5fa0e0114f91709fafa0"},
]

[package.extras]
qa = ["flake8 (==3.8.3)", "mypy (==0.782)"]
testing = ["docopt", "pytest (<6.0.0)"]

[[package]]
name = "pexpect"
version = "4.8.0"
description = "Pexpect allows easy control of interactive console applications."
optional = false
python-versions = "*"
files = [
    {file = "pexpect-4.8.0-py2.py3-none-any.whl", hash = "sha256:0b48a55dcb3c05f3329815901ea4fc1537514d6ba867a152b581d69ae3710937"},
    {file = "pexpect-4.8.0.tar.gz", hash = "sha256:fc65a43959d153d0114afe13997d439c22823a27cefceb5ff35c2178c6784c0c"},
]

[package.dependencies]
ptyprocess = ">=0.5"

[[package]]
name = "prompt-toolkit"
version = "3.0.39"
description = "Library for building powerful interactive command lines in Python"
optional = false
python-versions = ">=3.7.0"
files = [
    {file = "prompt_toolkit-3.0.39-py3-none-any.whl", hash = "sha256:9dffbe1d8acf91e3de75f3b544e4842382fc06c6babe903ac9acb74dc6e08d88"},
    {file = "prompt_toolkit-3.0.39.tar.gz", hash = "sha256:04505ade687dc26dc4284b1ad19a83be2f2afe83e7a828ace0c72f3a1df72aac"},
]

[package.dependencies]
wcwidth = "*"

[[package]]
name = "ptyprocess"
version = "0.7.0"
description = "Run a subprocess in a pseudo terminal"
optional = false
python-versions = "*"
files = [
    {file = "ptyprocess-0.7.0-py2.py3-none-any.whl", hash = "sha256:4b41f3967fce3af57cc7e94b888626c18bf37a083e3651ca8feeb66d492fef35"},
    {file = "ptyprocess-0.7.0.tar.gz", hash = "sha256:5c5d0a3b48ceee0b48485e0c26037c0acd7d29765ca3fbb5cb3831d347423220"},
]

[[package]]
name = "pure-eval"
version = "0.2.2"
description = "Safely evaluate AST nodes without side effects"
optional = false
python-versions = "*"
files = [
    {file = "pure_eval-0.2.2-py3-none-any.whl", hash = "sha256:01eaab343580944bc56080ebe0a674b39ec44a945e6d09ba7db3cb8cec289350"},
    {file = "pure_eval-0.2.2.tar.gz", hash = "sha256:2b45320af6dfaa1750f543d714b6d1c520a1688dec6fd24d339063ce0aaa9ac3"},
]

[package.extras]
tests = ["pytest"]

[[package]]
name = "pygments"
version = "2.16.1"
description = "Pygments is a syntax highlighting package written in Python."
optional = false
python-versions = ">=3.7"
files = [
    {file = "Pygments-2.16.1-py3-none-any.whl", hash = "sha256:13fc09fa63bc8d8671a6d247e1eb303c4b343eaee81d861f3404db2935653692"},
    {file = "Pygments-2.16.1.tar.gz", hash = "sha256:1daff0494820c69bc8941e407aa20f577374ee88364ee10a98fdbe0aece96e29"},
]

[package.extras]
plugins = ["importlib-metadata"]

[[package]]
name = "pyinjector"
version = "1.3.0"
description = "A tool/library allowing dynamic library injection into running processes"
optional = false
python-versions = ">=3.7"
files = [
    {file = "pyinjector-1.3.0-cp310-cp310-manylinux_2_12_x86_64.manylinux2010_x86_64.manylinux_2_17_x86_64.manylinux2014_x86_64.whl", hash = "sha256:75d187e86d85ee8289d6f0233f394aba65bc6b31b1972f21aa7005617617ad56"},
    {file = "pyinjector-1.3.0-cp310-cp310-musllinux_1_2_x86_64.whl", hash = "sha256:3ceac38da74068eeaba8e545541bb1b583db731745364687b5bdf05c3ca78f91"},
    {file = "pyinjector-1.3.0-cp310-cp310-win32.whl", hash = "sha256:03ffac2dd41fd16f9f953eb172a74f2c8c1168b312579b2c22cc6a69d6b0b93b"},
    {file = "pyinjector-1.3.0-cp310-cp310-win_amd64.whl", hash = "sha256:91176d54901ef21d5b6da869778a814e6a4052eb3a1410492bb442cec367cb67"},
    {file = "pyinjector-1.3.0-cp311-cp311-macosx_10_9_universal2.whl", hash = "sha256:e62b6ea0e621749a5d6aa2a7ca457a54051c886614e0cbb41a1f7d1ecbab9e6a"},
    {file = "pyinjector-1.3.0-cp311-cp311-manylinux_2_12_x86_64.manylinux2010_x86_64.manylinux_2_17_x86_64.manylinux2014_x86_64.whl", hash = "sha256:f4888a76cef03ab07697b690bc4aba453efde12f24469e17bd0b8f4f71f090af"},
    {file = "pyinjector-1.3.0-cp311-cp311-musllinux_1_2_x86_64.whl", hash = "sha256:5731d3ddf276117138b4f85d9b2c6f4bf2719be64f5a31d17a66512bb7bd1239"},
    {file = "pyinjector-1.3.0-cp311-cp311-win32.whl", hash = "sha256:7b31767b7584d2dfd12abb07f4309782b8e693a71e7719b79452dfd628a324b0"},
    {file = "pyinjector-1.3.0-cp311-cp311-win_amd64.whl", hash = "sha256:895bab287d9f218ee069f9c5265afda04c0bc7af59a974400d0e980cdb8efa06"},
    {file = "pyinjector-1.3.0-cp37-cp37m-manylinux_2_12_x86_64.manylinux2010_x86_64.manylinux_2_17_x86_64.manylinux2014_x86_64.whl", hash = "sha256:34ec2154b6a1261d3b507dcb45fe2a061a283d5f3f08d95be368b2bb216da034"},
    {file = "pyinjector-1.3.0-cp37-cp37m-musllinux_1_2_x86_64.whl", hash = "sha256:09c8e07faeb9dfe8615ec52d7bb04d22a8804d4d99299f04c4e2c90b42e875d3"},
    {file = "pyinjector-1.3.0-cp37-cp37m-win32.whl", hash = "sha256:98bbef6b869680fca5b8a5315bd9099ce9e93bf41f9e166bd0ef3b54ff731212"},
    {file = "pyinjector-1.3.0-cp37-cp37m-win_amd64.whl", hash = "sha256:5726dec8040a248ce958bedba61673669f7afe8d9d36c0c711630449a2df1f70"},
    {file = "pyinjector-1.3.0-cp38-cp38-manylinux_2_12_x86_64.manylinux2010_x86_64.manylinux_2_17_x86_64.manylinux2014_x86_64.whl", hash = "sha256:691cb1a032606a7996ef367825ecaa09ce09bedb92c4e08ae9cbdb245bb6dcec"},
    {file = "pyinjector-1.3.0-cp38-cp38-musllinux_1_2_x86_64.whl", hash = "sha256:5422f3f26fc1008868e71c917d474ce27da0810ae222cfbfe09a303c7354d984"},
    {file = "pyinjector-1.3.0-cp38-cp38-win32.whl", hash = "sha256:c75dab079c3faf0aa0fe3903606824d8fd5c45c058853fb686b90795c527e59f"},
    {file = "pyinjector-1.3.0-cp38-cp38-win_amd64.whl", hash = "sha256:e4d295a294c32aa5bc42002fdb4bac4347bc27a1cda317ac3fc90b6c40690be2"},
    {file = "pyinjector-1.3.0-cp39-cp39-manylinux_2_12_x86_64.manylinux2010_x86_64.manylinux_2_17_x86_64.manylinux2014_x86_64.whl", hash = "sha256:d7b149cef0bf4824eb42672b4e500b8f6f093f5bf6d1f533b00fb72d226b5cb9"},
    {file = "pyinjector-1.3.0-cp39-cp39-musllinux_1_2_x86_64.whl", hash = "sha256:02127b573fd08194e95175cfe46e9adc50dfb18a1282df2e8262b1e5b975fe0d"},
    {file = "pyinjector-1.3.0-cp39-cp39-win32.whl", hash = "sha256:241a2cadcc5cfe603cc9cf92b2dd445a118e270b3005d420aa267649326071f7"},
    {file = "pyinjector-1.3.0-cp39-cp39-win_amd64.whl", hash = "sha256:fc1e6d00f6d2661b6e205ef200e7b5a7246b4a3eacb61b788264e349e7d9b25b"},
    {file = "pyinjector-1.3.0.tar.gz", hash = "sha256:181b8b3b418a6d88c2e9343b3b0d1e99f98961cb68b16515bbd086ea7c4c25e3"},
]

[[package]]
name = "six"
version = "1.16.0"
description = "Python 2 and 3 compatibility utilities"
optional = false
python-versions = ">=2.7, !=3.0.*, !=3.1.*, !=3.2.*"
files = [
    {file = "six-1.16.0-py2.py3-none-any.whl", hash = "sha256:8abb2f1d86890a2dfb989f9a77cfcfd3e47c2a354b01111771326f8aa26e0254"},
    {file = "six-1.16.0.tar.gz", hash = "sha256:1e61c37477a1626458e36f7b1d82aa5c9b094fa4802892072e49de9c60c4c926"},
]

[[package]]
name = "stack-data"
version = "0.6.3"
description = "Extract data from python stack frames and tracebacks for informative displays"
optional = false
python-versions = "*"
files = [
    {file = "stack_data-0.6.3-py3-none-any.whl", hash = "sha256:d5558e0c25a4cb0853cddad3d77da9891a08cb85dd9f9f91b9f8cd66e511e695"},
    {file = "stack_data-0.6.3.tar.gz", hash = "sha256:836a778de4fec4dcd1dcd89ed8abff8a221f58308462e1c4aa2a3cf30148f0b9"},
]

[package.dependencies]
asttokens = ">=2.1.0"
executing = ">=1.2.0"
pure-eval = "*"

[package.extras]
tests = ["cython", "littleutils", "pygments", "pytest", "typeguard"]

[[package]]
name = "tqdm"
version = "4.66.1"
description = "Fast, Extensible Progress Meter"
optional = false
python-versions = ">=3.7"
files = [
    {file = "tqdm-4.66.1-py3-none-any.whl", hash = "sha256:d302b3c5b53d47bce91fea46679d9c3c6508cf6332229aa1e7d8653723793386"},
    {file = "tqdm-4.66.1.tar.gz", hash = "sha256:d88e651f9db8d8551a62556d3cff9e3034274ca5d66e93197cf2490e2dcb69c7"},
]

[package.dependencies]
colorama = {version = "*", markers = "platform_system == \"Windows\""}

[package.extras]
dev = ["pytest (>=6)", "pytest-cov", "pytest-timeout", "pytest-xdist"]
notebook = ["ipywidgets (>=6)"]
slack = ["slack-sdk"]
telegram = ["requests"]

[[package]]
name = "traitlets"
version = "5.13.0"
description = "Traitlets Python configuration system"
optional = false
python-versions = ">=3.8"
files = [
    {file = "traitlets-5.13.0-py3-none-any.whl", hash = "sha256:baf991e61542da48fe8aef8b779a9ea0aa38d8a54166ee250d5af5ecf4486619"},
    {file = "traitlets-5.13.0.tar.gz", hash = "sha256:9b232b9430c8f57288c1024b34a8f0251ddcc47268927367a0dd3eeaca40deb5"},
]

[package.extras]
docs = ["myst-parser", "pydata-sphinx-theme", "sphinx"]
test = ["argcomplete (>=3.0.3)", "mypy (>=1.6.0)", "pre-commit", "pytest (>=7.0,<7.5)", "pytest-mock", "pytest-mypy-testing"]

[[package]]
name = "wcwidth"
version = "0.2.9"
description = "Measures the displayed width of unicode strings in a terminal"
optional = false
python-versions = "*"
files = [
    {file = "wcwidth-0.2.9-py2.py3-none-any.whl", hash = "sha256:9a929bd8380f6cd9571a968a9c8f4353ca58d7cd812a4822bba831f8d685b223"},
    {file = "wcwidth-0.2.9.tar.gz", hash = "sha256:a675d1a4a2d24ef67096a04b85b02deeecd8e226f57b5e3a72dbb9ed99d27da8"},
]

[metadata]
lock-version = "2.0"
python-versions = "^3.11"
content-hash = "55043a88a26172e7ad3380dc6c3e5eb7296050563475232440c1d3781fa03b92"
